# ============================================================
# DE25-Standard DDR4 final pin assignments
#
# Location assignments are fixed from a successful EMIF fit.
# DQ ordering corresponds to the EMIF Pin Swizzle Map.
# DDR4_REFCLK_p(n) is an automatically created complement pin.
# ============================================================

# I/O standards
set_instance_assignment -name IO_STANDARD "1.2-V TRUE DIFFERENTIAL SIGNALING" -to DDR4_REFCLK_p
set_instance_assignment -name IO_STANDARD "SSTL-12" -to DDR4_A[0]
set_instance_assignment -name IO_STANDARD "SSTL-12" -to DDR4_A[1]
set_instance_assignment -name IO_STANDARD "SSTL-12" -to DDR4_A[2]
set_instance_assignment -name IO_STANDARD "SSTL-12" -to DDR4_A[3]
set_instance_assignment -name IO_STANDARD "SSTL-12" -to DDR4_A[4]
set_instance_assignment -name IO_STANDARD "SSTL-12" -to DDR4_A[5]
set_instance_assignment -name IO_STANDARD "SSTL-12" -to DDR4_A[6]
set_instance_assignment -name IO_STANDARD "SSTL-12" -to DDR4_A[7]
set_instance_assignment -name IO_STANDARD "SSTL-12" -to DDR4_A[8]
set_instance_assignment -name IO_STANDARD "SSTL-12" -to DDR4_A[9]
set_instance_assignment -name IO_STANDARD "SSTL-12" -to DDR4_A[10]
set_instance_assignment -name IO_STANDARD "SSTL-12" -to DDR4_A[11]
set_instance_assignment -name IO_STANDARD "SSTL-12" -to DDR4_A[12]
set_instance_assignment -name IO_STANDARD "SSTL-12" -to DDR4_A[13]
set_instance_assignment -name IO_STANDARD "SSTL-12" -to DDR4_A[14]
set_instance_assignment -name IO_STANDARD "SSTL-12" -to DDR4_A[15]
set_instance_assignment -name IO_STANDARD "SSTL-12" -to DDR4_A[16]
set_instance_assignment -name IO_STANDARD "SSTL-12" -to DDR4_BA[0]
set_instance_assignment -name IO_STANDARD "SSTL-12" -to DDR4_BA[1]
set_instance_assignment -name IO_STANDARD "SSTL-12" -to DDR4_BG[0]
set_instance_assignment -name IO_STANDARD "DIFFERENTIAL 1.2-V SSTL" -to DDR4_CK
set_instance_assignment -name IO_STANDARD "DIFFERENTIAL 1.2-V SSTL" -to DDR4_CK_n
set_instance_assignment -name IO_STANDARD "SSTL-12" -to DDR4_CKE
set_instance_assignment -name IO_STANDARD "SSTL-12" -to DDR4_CS_n
set_instance_assignment -name IO_STANDARD "SSTL-12" -to DDR4_RESET_n
set_instance_assignment -name IO_STANDARD "SSTL-12" -to DDR4_ODT
set_instance_assignment -name IO_STANDARD "SSTL-12" -to DDR4_PAR
set_instance_assignment -name IO_STANDARD "SSTL-12" -to DDR4_ACT_n
set_instance_assignment -name IO_STANDARD "1.2-V" -to DDR4_ALERT_n
set_instance_assignment -name IO_STANDARD "1.2-V" -to DDR4_RZQ
set_instance_assignment -name IO_STANDARD "DIFFERENTIAL 1.2-V POD" -to DDR4_DQS[0]
set_instance_assignment -name IO_STANDARD "DIFFERENTIAL 1.2-V POD" -to DDR4_DQS[1]
set_instance_assignment -name IO_STANDARD "DIFFERENTIAL 1.2-V POD" -to DDR4_DQS[2]
set_instance_assignment -name IO_STANDARD "DIFFERENTIAL 1.2-V POD" -to DDR4_DQS[3]
set_instance_assignment -name IO_STANDARD "DIFFERENTIAL 1.2-V POD" -to DDR4_DQS_n[0]
set_instance_assignment -name IO_STANDARD "DIFFERENTIAL 1.2-V POD" -to DDR4_DQS_n[1]
set_instance_assignment -name IO_STANDARD "DIFFERENTIAL 1.2-V POD" -to DDR4_DQS_n[2]
set_instance_assignment -name IO_STANDARD "DIFFERENTIAL 1.2-V POD" -to DDR4_DQS_n[3]
set_instance_assignment -name IO_STANDARD "1.2-V POD" -to DDR4_DQ[0]
set_instance_assignment -name IO_STANDARD "1.2-V POD" -to DDR4_DQ[1]
set_instance_assignment -name IO_STANDARD "1.2-V POD" -to DDR4_DQ[2]
set_instance_assignment -name IO_STANDARD "1.2-V POD" -to DDR4_DQ[3]
set_instance_assignment -name IO_STANDARD "1.2-V POD" -to DDR4_DQ[4]
set_instance_assignment -name IO_STANDARD "1.2-V POD" -to DDR4_DQ[5]
set_instance_assignment -name IO_STANDARD "1.2-V POD" -to DDR4_DQ[6]
set_instance_assignment -name IO_STANDARD "1.2-V POD" -to DDR4_DQ[7]
set_instance_assignment -name IO_STANDARD "1.2-V POD" -to DDR4_DQ[8]
set_instance_assignment -name IO_STANDARD "1.2-V POD" -to DDR4_DQ[9]
set_instance_assignment -name IO_STANDARD "1.2-V POD" -to DDR4_DQ[10]
set_instance_assignment -name IO_STANDARD "1.2-V POD" -to DDR4_DQ[11]
set_instance_assignment -name IO_STANDARD "1.2-V POD" -to DDR4_DQ[12]
set_instance_assignment -name IO_STANDARD "1.2-V POD" -to DDR4_DQ[13]
set_instance_assignment -name IO_STANDARD "1.2-V POD" -to DDR4_DQ[14]
set_instance_assignment -name IO_STANDARD "1.2-V POD" -to DDR4_DQ[15]
set_instance_assignment -name IO_STANDARD "1.2-V POD" -to DDR4_DQ[16]
set_instance_assignment -name IO_STANDARD "1.2-V POD" -to DDR4_DQ[17]
set_instance_assignment -name IO_STANDARD "1.2-V POD" -to DDR4_DQ[18]
set_instance_assignment -name IO_STANDARD "1.2-V POD" -to DDR4_DQ[19]
set_instance_assignment -name IO_STANDARD "1.2-V POD" -to DDR4_DQ[20]
set_instance_assignment -name IO_STANDARD "1.2-V POD" -to DDR4_DQ[21]
set_instance_assignment -name IO_STANDARD "1.2-V POD" -to DDR4_DQ[22]
set_instance_assignment -name IO_STANDARD "1.2-V POD" -to DDR4_DQ[23]
set_instance_assignment -name IO_STANDARD "1.2-V POD" -to DDR4_DQ[24]
set_instance_assignment -name IO_STANDARD "1.2-V POD" -to DDR4_DQ[25]
set_instance_assignment -name IO_STANDARD "1.2-V POD" -to DDR4_DQ[26]
set_instance_assignment -name IO_STANDARD "1.2-V POD" -to DDR4_DQ[27]
set_instance_assignment -name IO_STANDARD "1.2-V POD" -to DDR4_DQ[28]
set_instance_assignment -name IO_STANDARD "1.2-V POD" -to DDR4_DQ[29]
set_instance_assignment -name IO_STANDARD "1.2-V POD" -to DDR4_DQ[30]
set_instance_assignment -name IO_STANDARD "1.2-V POD" -to DDR4_DQ[31]

# Exact locations from successful Fitter placement
set_location_assignment PIN_M117 -to DDR4_ACT_n
set_location_assignment PIN_Y108 -to DDR4_ALERT_n
set_location_assignment PIN_T114 -to DDR4_A[0]
set_location_assignment PIN_P114 -to DDR4_A[1]
set_location_assignment PIN_V117 -to DDR4_A[2]
set_location_assignment PIN_T117 -to DDR4_A[3]
set_location_assignment PIN_M114 -to DDR4_A[4]
set_location_assignment PIN_K114 -to DDR4_A[5]
set_location_assignment PIN_V108 -to DDR4_A[6]
set_location_assignment PIN_T108 -to DDR4_A[7]
set_location_assignment PIN_T105 -to DDR4_A[8]
set_location_assignment PIN_P105 -to DDR4_A[9]
set_location_assignment PIN_M105 -to DDR4_A[10]
set_location_assignment PIN_K105 -to DDR4_A[11]
set_location_assignment PIN_AG111 -to DDR4_A[12]
set_location_assignment PIN_Y114 -to DDR4_A[13]
set_location_assignment PIN_AB114 -to DDR4_A[14]
set_location_assignment PIN_AK107 -to DDR4_A[15]
set_location_assignment PIN_AK104 -to DDR4_A[16]
set_location_assignment PIN_AB108 -to DDR4_BA[0]
set_location_assignment PIN_Y105 -to DDR4_BA[1]
set_location_assignment PIN_AB105 -to DDR4_BG[0]
set_location_assignment PIN_H108 -to DDR4_CK
set_location_assignment PIN_F105 -to DDR4_CKE
set_location_assignment PIN_F108 -to DDR4_CK_n
set_location_assignment PIN_K117 -to DDR4_CS_n
set_location_assignment PIN_B122 -to DDR4_DQS[0]
set_location_assignment PIN_AG90 -to DDR4_DQS[1]
set_location_assignment PIN_K95 -to DDR4_DQS[2]
set_location_assignment PIN_F95 -to DDR4_DQS[3]
set_location_assignment PIN_A125 -to DDR4_DQS_n[0]
set_location_assignment PIN_AG93 -to DDR4_DQS_n[1]
set_location_assignment PIN_M95 -to DDR4_DQS_n[2]
set_location_assignment PIN_D95 -to DDR4_DQS_n[3]
set_location_assignment PIN_B128 -to DDR4_DQ[0]
set_location_assignment PIN_A116 -to DDR4_DQ[1]
set_location_assignment PIN_A128 -to DDR4_DQ[2]
set_location_assignment PIN_B116 -to DDR4_DQ[3]
set_location_assignment PIN_B130 -to DDR4_DQ[4]
set_location_assignment PIN_B113 -to DDR4_DQ[5]
set_location_assignment PIN_A130 -to DDR4_DQ[6]
set_location_assignment PIN_A113 -to DDR4_DQ[7]
set_location_assignment PIN_AG100 -to DDR4_DQ[8]
set_location_assignment PIN_Y98 -to DDR4_DQ[9]
set_location_assignment PIN_AG104 -to DDR4_DQ[10]
set_location_assignment PIN_Y95 -to DDR4_DQ[11]
set_location_assignment PIN_AC96 -to DDR4_DQ[12]
set_location_assignment PIN_Y87 -to DDR4_DQ[13]
set_location_assignment PIN_AC100 -to DDR4_DQ[14]
set_location_assignment PIN_Y84 -to DDR4_DQ[15]
set_location_assignment PIN_T95 -to DDR4_DQ[16]
set_location_assignment PIN_K84 -to DDR4_DQ[17]
set_location_assignment PIN_P95 -to DDR4_DQ[18]
set_location_assignment PIN_M84 -to DDR4_DQ[19]
set_location_assignment PIN_T98 -to DDR4_DQ[20]
set_location_assignment PIN_V98 -to DDR4_DQ[21]
set_location_assignment PIN_T84 -to DDR4_DQ[22]
set_location_assignment PIN_P84 -to DDR4_DQ[23]
set_location_assignment PIN_M98 -to DDR4_DQ[24]
set_location_assignment PIN_D84 -to DDR4_DQ[25]
set_location_assignment PIN_K98 -to DDR4_DQ[26]
set_location_assignment PIN_K87 -to DDR4_DQ[27]
set_location_assignment PIN_F98 -to DDR4_DQ[28]
set_location_assignment PIN_F84 -to DDR4_DQ[29]
set_location_assignment PIN_H98 -to DDR4_DQ[30]
set_location_assignment PIN_M87 -to DDR4_DQ[31]
set_location_assignment PIN_F114 -to DDR4_ODT
set_location_assignment PIN_K108 -to DDR4_PAR
set_location_assignment PIN_AB117 -to DDR4_REFCLK_p
set_location_assignment PIN_H117 -to DDR4_RESET_n
set_location_assignment PIN_AK111 -to DDR4_RZQ
